
Microsoft Visual Studio Solution File, Format Version 12.00
# Visual Studio Version 17
VisualStudioVersion = 17.11.35327.3
MinimumVisualStudioVersion = 10.0.40219.1
Project("{FAE04EC0-301F-11D3-BF4B-00C04F79EFBC}") = "QuizQuest", "QuizQuest\QuizQuest.csproj", "{38DBCA59-C474-4865-81E5-0A3E9CBBA909}"
EndProject
Global
	GlobalSection(SolutionConfigurationPlatforms) = preSolution
		Debug|Any CPU = Debug|Any CPU
		Release|Any CPU = Release|Any CPU
	EndGlobalSection
	GlobalSection(ProjectConfigurationPlatforms) = postSolution
		{38DBCA59-C474-4865-81E5-0A3E9CBBA909}.Debug|Any CPU.ActiveCfg = Debug|Any CPU
		{38DBCA59-C474-4865-81E5-0A3E9CBBA909}.Debug|Any CPU.Build.0 = Debug|Any CPU
		{38DBCA59-C474-4865-81E5-0A3E9CBBA909}.Release|Any CPU.ActiveCfg = Release|Any CPU
		{38DBCA59-C474-4865-81E5-0A3E9CBBA909}.Release|Any CPU.Build.0 = Release|Any CPU
	EndGlobalSection
	GlobalSection(SolutionProperties) = preSolution
		HideSolutionNode = FALSE
	EndGlobalSection
	GlobalSection(ExtensibilityGlobals) = postSolution
		SolutionGuid = {8E40695E-10B9-4CE2-8DA5-55E8D26A55E0}
	EndGlobalSection
EndGlobal
